
Microsoft Visual Studio Solution File, Format Version 12.00
# Visual Studio Version 16
VisualStudioVersion = 16.0.32126.315
MinimumVisualStudioVersion = 10.0.40219.1
Project("{FAE04EC0-301F-11D3-BF4B-00C04F79EFBC}") = "DropFiles", "DropFiles\DropFiles.csproj", "{472817BC-97DB-4679-844F-DCC47B308E94}"
EndProject
Global
	GlobalSection(SolutionConfigurationPlatforms) = preSolution
		Debug|Any CPU = Debug|Any CPU
		Release|Any CPU = Release|Any CPU
	EndGlobalSection
	GlobalSection(ProjectConfigurationPlatforms) = postSolution
		{472817BC-97DB-4679-844F-DCC47B308E94}.Debug|Any CPU.ActiveCfg = Debug|Any CPU
		{472817BC-97DB-4679-844F-DCC47B308E94}.Debug|Any CPU.Build.0 = Debug|Any CPU
		{472817BC-97DB-4679-844F-DCC47B308E94}.Release|Any CPU.ActiveCfg = Release|Any CPU
		{472817BC-97DB-4679-844F-DCC47B308E94}.Release|Any CPU.Build.0 = Release|Any CPU
	EndGlobalSection
	GlobalSection(SolutionProperties) = preSolution
		HideSolutionNode = FALSE
	EndGlobalSection
	GlobalSection(ExtensibilityGlobals) = postSolution
		SolutionGuid = {465F61A0-96B7-43A2-A2EB-80CA297BD841}
	EndGlobalSection
EndGlobal
